{
  "object": {
    "pins": [
      {
        "package": "Abstract",
        "repositoryURL": "https://github.com/typelift/Abstract.git",
        "state": {
          "branch": null,
          "revision": "77f2902ff68f218daa8040251c148c328be82845",
          "version": "0.1.0"
        }
      },
      {
        "package": "FileCheck",
        "repositoryURL": "https://github.com/llvm-swift/FileCheck.git",
        "state": {
          "branch": null,
          "revision": "e5871587ddf85c0bcf84f773925655f2f83ef336",
          "version": "0.0.7"
        }
      },
      {
        "package": "Operadics",
        "repositoryURL": "https://github.com/typelift/Operadics.git",
        "state": {
          "branch": null,
          "revision": "c2a14919b3653a39a9bf268c1ae0bf71ad6833fe",
          "version": "0.3.0"
        }
      },
      {
        "package": "SwiftCheck",
        "repositoryURL": "https://github.com/typelift/SwiftCheck.git",
        "state": {
          "branch": null,
          "revision": "43ffe7ab48366c36a697c54bcdd257876edd6fc6",
          "version": "0.10.0"
        }
      }
    ]
  },
  "version": 1
}
