{
  "originHash" : "d0b83eb18e36f127670883fabf93361ff6d9c54430ef9860621a766936aa685d",
  "pins" : [
    {
      "identity" : "filecheck",
      "kind" : "remoteSourceControl",
      "location" : "https://github.com/llvm-swift/FileCheck.git",
      "state" : {
        "revision" : "bd9cb30ceee1f21c02f51a7168f58471449807d8",
        "version" : "0.1.0"
      }
    },
    {
      "identity" : "operadics",
      "kind" : "remoteSourceControl",
      "location" : "https://github.com/typelift/Operadics.git",
      "state" : {
        "revision" : "ef9c00e70ac4e5fba046f4eae3bd4e4e8f058648",
        "version" : "0.4.0"
      }
    },
    {
      "identity" : "swiftcheck",
      "kind" : "remoteSourceControl",
      "location" : "https://github.com/typelift/SwiftCheck.git",
      "state" : {
        "revision" : "077c096c3ddfc38db223ac8e525ad16ffb987138",
        "version" : "0.12.0"
      }
    }
  ],
  "version" : 3
}
